
Microsoft Visual Studio Solution File, Format Version 12.00
# Visual Studio 15
VisualStudioVersion = 15.0.27703.2035
MinimumVisualStudioVersion = 10.0.40219.1
Project("{FAE04EC0-301F-11D3-BF4B-00C04F79EFBC}") = "Aplicatie Service Auto", "Aplicatie Service Auto\Aplicatie Service Auto.csproj", "{5E4C0A7E-3FAE-4962-8940-9E764D3E54DB}"
EndProject
Global
	GlobalSection(SolutionConfigurationPlatforms) = preSolution
		Debug|Any CPU = Debug|Any CPU
		Release|Any CPU = Release|Any CPU
	EndGlobalSection
	GlobalSection(ProjectConfigurationPlatforms) = postSolution
		{5E4C0A7E-3FAE-4962-8940-9E764D3E54DB}.Debug|Any CPU.ActiveCfg = Debug|Any CPU
		{5E4C0A7E-3FAE-4962-8940-9E764D3E54DB}.Debug|Any CPU.Build.0 = Debug|Any CPU
		{5E4C0A7E-3FAE-4962-8940-9E764D3E54DB}.Release|Any CPU.ActiveCfg = Release|Any CPU
		{5E4C0A7E-3FAE-4962-8940-9E764D3E54DB}.Release|Any CPU.Build.0 = Release|Any CPU
	EndGlobalSection
	GlobalSection(SolutionProperties) = preSolution
		HideSolutionNode = FALSE
	EndGlobalSection
	GlobalSection(ExtensibilityGlobals) = postSolution
		SolutionGuid = {EF5FAAA5-69C3-4284-9C48-40BBCE1F8033}
	EndGlobalSection
EndGlobal
